<?xml version="1.0" encoding="utf-8"?>
<Project ToolsVersion="4.0" xmlns="http://schemas.microsoft.com/developer/msbuild/2003">
  <ItemGroup>
    <Filter Include="Source Files">
      <UniqueIdentifier>{4FC737F1-C7A5-4376-A066-2A32D752A2FF}</UniqueIdentifier>
      <Extensions>cpp;c;cc;cxx;def;odl;idl;hpj;bat;asm;asmx</Extensions>
    </Filter>
    <Filter Include="Header Files">
      <UniqueIdentifier>{93995380-89BD-4b04-88EB-625FBE52EBFB}</UniqueIdentifier>
      <Extensions>h;hh;hpp;hxx;hm;inl;inc;xsd</Extensions>
    </Filter>
    <Filter Include="Resource Files">
      <UniqueIdentifier>{67DA6AB6-F800-4c08-8B7A-83BB121AAD01}</UniqueIdentifier>
      <Extensions>rc;ico;cur;bmp;dlg;rc2;rct;bin;rgs;gif;jpg;jpeg;jpe;resx;tiff;tif;png;wav;mfcribbon-ms</Extensions>
    </Filter>
  </ItemGroup>
  <ItemGroup>
    <Text Include="ReadMe.txt" />
  </ItemGroup>
  <ItemGroup>
    <ClInclude Include="Congruence.h">
      <Filter>Header Files</Filter>
    </ClInclude>
    <ClInclude Include="Matrix.Algo.GE.h">
      <Filter>Header Files</Filter>
    </ClInclude>
    <ClInclude Include="Matrix.Algo.SVD.h">
      <Filter>Header Files</Filter>
    </ClInclude>
    <ClInclude Include="Matrix.Enum.h">
      <Filter>Header Files</Filter>
    </ClInclude>
    <ClInclude Include="Matrix.h">
      <Filter>Header Files</Filter>
    </ClInclude>
    <ClInclude Include="Matrix.Operators.h">
      <Filter>Header Files</Filter>
    </ClInclude>
    <ClInclude Include="ValuePrecision.h">
      <Filter>Header Files</Filter>
    </ClInclude>
    <ClInclude Include="StandardMath.h">
      <Filter>Header Files</Filter>
    </ClInclude>
    <ClInclude Include="Static.Vector.h">
      <Filter>Header Files</Filter>
    </ClInclude>
    <ClInclude Include="Static.Vector.Math.h">
      <Filter>Header Files</Filter>
    </ClInclude>
    <ClInclude Include="Static.Geometry.h">
      <Filter>Header Files</Filter>
    </ClInclude>
    <ClInclude Include="Static.Geometry.Math.h">
      <Filter>Header Files</Filter>
    </ClInclude>
    <ClInclude Include="Static.Matrix.h">
      <Filter>Header Files</Filter>
    </ClInclude>
    <ClInclude Include="Static.Matrix.Math.h">
      <Filter>Header Files</Filter>
    </ClInclude>
    <ClInclude Include="Static.Polynomial.h">
      <Filter>Header Files</Filter>
    </ClInclude>
    <ClInclude Include="Static.Polynomial.Math.h">
      <Filter>Header Files</Filter>
    </ClInclude>
    <ClInclude Include="Conversion.h">
      <Filter>Header Files</Filter>
    </ClInclude>
    <ClInclude Include="StandardMath_Impl.h">
      <Filter>Header Files</Filter>
    </ClInclude>
    <ClInclude Include="Static.Array.h">
      <Filter>Header Files</Filter>
    </ClInclude>
    <ClInclude Include="Frame3D.h">
      <Filter>Header Files</Filter>
    </ClInclude>
    <ClInclude Include="Constants.h">
      <Filter>Header Files</Filter>
    </ClInclude>
    <ClInclude Include="Static.Matrix.IO.h">
      <Filter>Header Files</Filter>
    </ClInclude>
    <ClInclude Include="Static.Vector.IO.h">
      <Filter>Header Files</Filter>
    </ClInclude>
    <ClInclude Include="ValuePrecision_Impl.h">
      <Filter>Header Files</Filter>
    </ClInclude>
    <ClInclude Include="MapPixelValue.h">
      <Filter>Header Files</Filter>
    </ClInclude>
    <ClInclude Include="Debug.h">
      <Filter>Header Files</Filter>
    </ClInclude>
  </ItemGroup>
  <ItemGroup>
    <ClCompile Include="Matrix.cpp">
      <Filter>Source Files</Filter>
    </ClCompile>
    <ClCompile Include="Matrix.Enum.cpp">
      <Filter>Source Files</Filter>
    </ClCompile>
    <ClCompile Include="ValuePrecision.cpp">
      <Filter>Source Files</Filter>
    </ClCompile>
    <ClCompile Include="StandardMath.cpp">
      <Filter>Source Files</Filter>
    </ClCompile>
    <ClCompile Include="Debug.cpp">
      <Filter>Source Files</Filter>
    </ClCompile>
  </ItemGroup>
</Project>